
Microsoft Visual Studio Solution File, Format Version 12.00
# Visual Studio 15
VisualStudioVersion = 15.0.28307.757
MinimumVisualStudioVersion = 10.0.40219.1
Project("{FAE04EC0-301F-11D3-BF4B-00C04F79EFBC}") = "Core", "Core\Core.csproj", "{BB4DBD25-DCE5-401A-9DB3-269AF4B6E900}"
EndProject
Project("{FAE04EC0-301F-11D3-BF4B-00C04F79EFBC}") = "Main", "Main\Main.csproj", "{D0FB2EA7-5414-4983-9A39-11159715BD46}"
EndProject
Global
	GlobalSection(SolutionConfigurationPlatforms) = preSolution
		Debug|Any CPU = Debug|Any CPU
		Release|Any CPU = Release|Any CPU
	EndGlobalSection
	GlobalSection(ProjectConfigurationPlatforms) = postSolution
		{BB4DBD25-DCE5-401A-9DB3-269AF4B6E900}.Debug|Any CPU.ActiveCfg = Debug|Any CPU
		{BB4DBD25-DCE5-401A-9DB3-269AF4B6E900}.Debug|Any CPU.Build.0 = Debug|Any CPU
		{BB4DBD25-DCE5-401A-9DB3-269AF4B6E900}.Release|Any CPU.ActiveCfg = Release|Any CPU
		{BB4DBD25-DCE5-401A-9DB3-269AF4B6E900}.Release|Any CPU.Build.0 = Release|Any CPU
		{D0FB2EA7-5414-4983-9A39-11159715BD46}.Debug|Any CPU.ActiveCfg = Debug|Any CPU
		{D0FB2EA7-5414-4983-9A39-11159715BD46}.Debug|Any CPU.Build.0 = Debug|Any CPU
		{D0FB2EA7-5414-4983-9A39-11159715BD46}.Release|Any CPU.ActiveCfg = Release|Any CPU
		{D0FB2EA7-5414-4983-9A39-11159715BD46}.Release|Any CPU.Build.0 = Release|Any CPU
	EndGlobalSection
	GlobalSection(SolutionProperties) = preSolution
		HideSolutionNode = FALSE
	EndGlobalSection
	GlobalSection(ExtensibilityGlobals) = postSolution
		SolutionGuid = {BD57ECAA-8B7F-410A-8F89-AC7EBEA6E6FF}
	EndGlobalSection
EndGlobal
